
Microsoft Visual Studio Solution File, Format Version 12.00
# Visual Studio Version 17
VisualStudioVersion = 17.9.34723.18
MinimumVisualStudioVersion = 10.0.40219.1
Project("{9A19103F-16F7-4668-BE54-9A1E7A4F7556}") = "AknaLoad.Domain", "AknaLoad.Domain\AknaLoad.Domain.csproj", "{D5930ECB-EC01-458F-AEDD-188A450E1F79}"
EndProject
Project("{9A19103F-16F7-4668-BE54-9A1E7A4F7556}") = "AknaLoad.Api", "AknaLoad.Api\AknaLoad.Api.csproj", "{D2923FD4-16C8-4C99-8D3F-48B65037225A}"
EndProject
Project("{9A19103F-16F7-4668-BE54-9A1E7A4F7556}") = "AknaLoad.Business", "AknaLoad.Business\AknaLoad.Business.csproj", "{77619EE6-E355-4981-8A39-47506CDD4B72}"
EndProject
Project("{9A19103F-16F7-4668-BE54-9A1E7A4F7556}") = "AknaLoad.Infrastructure", "AknaLoad.Infrastructure\AknaLoad.Infrastructure.csproj", "{ECB75D69-6B86-405C-AB1B-EF666E4E62C5}"
EndProject
Global
	GlobalSection(SolutionConfigurationPlatforms) = preSolution
		Debug|Any CPU = Debug|Any CPU
		Release|Any CPU = Release|Any CPU
	EndGlobalSection
	GlobalSection(ProjectConfigurationPlatforms) = postSolution
		{D5930ECB-EC01-458F-AEDD-188A450E1F79}.Debug|Any CPU.ActiveCfg = Debug|Any CPU
		{D5930ECB-EC01-458F-AEDD-188A450E1F79}.Debug|Any CPU.Build.0 = Debug|Any CPU
		{D5930ECB-EC01-458F-AEDD-188A450E1F79}.Release|Any CPU.ActiveCfg = Release|Any CPU
		{D5930ECB-EC01-458F-AEDD-188A450E1F79}.Release|Any CPU.Build.0 = Release|Any CPU
		{D2923FD4-16C8-4C99-8D3F-48B65037225A}.Debug|Any CPU.ActiveCfg = Debug|Any CPU
		{D2923FD4-16C8-4C99-8D3F-48B65037225A}.Debug|Any CPU.Build.0 = Debug|Any CPU
		{D2923FD4-16C8-4C99-8D3F-48B65037225A}.Release|Any CPU.ActiveCfg = Release|Any CPU
		{D2923FD4-16C8-4C99-8D3F-48B65037225A}.Release|Any CPU.Build.0 = Release|Any CPU
		{77619EE6-E355-4981-8A39-47506CDD4B72}.Debug|Any CPU.ActiveCfg = Debug|Any CPU
		{77619EE6-E355-4981-8A39-47506CDD4B72}.Debug|Any CPU.Build.0 = Debug|Any CPU
		{77619EE6-E355-4981-8A39-47506CDD4B72}.Release|Any CPU.ActiveCfg = Release|Any CPU
		{77619EE6-E355-4981-8A39-47506CDD4B72}.Release|Any CPU.Build.0 = Release|Any CPU
		{ECB75D69-6B86-405C-AB1B-EF666E4E62C5}.Debug|Any CPU.ActiveCfg = Debug|Any CPU
		{ECB75D69-6B86-405C-AB1B-EF666E4E62C5}.Debug|Any CPU.Build.0 = Debug|Any CPU
		{ECB75D69-6B86-405C-AB1B-EF666E4E62C5}.Release|Any CPU.ActiveCfg = Release|Any CPU
		{ECB75D69-6B86-405C-AB1B-EF666E4E62C5}.Release|Any CPU.Build.0 = Release|Any CPU
	EndGlobalSection
	GlobalSection(SolutionProperties) = preSolution
		HideSolutionNode = FALSE
	EndGlobalSection
	GlobalSection(ExtensibilityGlobals) = postSolution
		SolutionGuid = {B4732810-3450-4670-B8CA-49A802E48626}
	EndGlobalSection
EndGlobal
